
Microsoft Visual Studio Solution File, Format Version 12.00
# Visual Studio Version 16
VisualStudioVersion = 16.0.29709.97
MinimumVisualStudioVersion = 10.0.40219.1
Project("{FAE04EC0-301F-11D3-BF4B-00C04F79EFBC}") = "task-manager", "task-manager\task-manager.csproj", "{32349B9A-6202-43EE-8EE8-55365EE284DB}"
EndProject
Global
	GlobalSection(SolutionConfigurationPlatforms) = preSolution
		Debug|Any CPU = Debug|Any CPU
		Release|Any CPU = Release|Any CPU
	EndGlobalSection
	GlobalSection(ProjectConfigurationPlatforms) = postSolution
		{32349B9A-6202-43EE-8EE8-55365EE284DB}.Debug|Any CPU.ActiveCfg = Debug|Any CPU
		{32349B9A-6202-43EE-8EE8-55365EE284DB}.Debug|Any CPU.Build.0 = Debug|Any CPU
		{32349B9A-6202-43EE-8EE8-55365EE284DB}.Release|Any CPU.ActiveCfg = Release|Any CPU
		{32349B9A-6202-43EE-8EE8-55365EE284DB}.Release|Any CPU.Build.0 = Release|Any CPU
	EndGlobalSection
	GlobalSection(SolutionProperties) = preSolution
		HideSolutionNode = FALSE
	EndGlobalSection
	GlobalSection(ExtensibilityGlobals) = postSolution
		SolutionGuid = {BDF74A85-8165-4C1F-9353-BD1F582A56D6}
	EndGlobalSection
EndGlobal
